
Microsoft Visual Studio Solution File, Format Version 12.00
# Visual Studio Version 17
VisualStudioVersion = 17.14.36603.0 d17.14
MinimumVisualStudioVersion = 10.0.40219.1
Project("{FAE04EC0-301F-11D3-BF4B-00C04F79EFBC}") = "WpfAppNoSteam", "WpfAppNoSteam.csproj", "{68D3AC29-126D-4793-A6BD-AA70ABF613F0}"
EndProject
Global
	GlobalSection(SolutionConfigurationPlatforms) = preSolution
		Debug|Any CPU = Debug|Any CPU
		Release|Any CPU = Release|Any CPU
	EndGlobalSection
	GlobalSection(ProjectConfigurationPlatforms) = postSolution
		{68D3AC29-126D-4793-A6BD-AA70ABF613F0}.Debug|Any CPU.ActiveCfg = Debug|Any CPU
		{68D3AC29-126D-4793-A6BD-AA70ABF613F0}.Debug|Any CPU.Build.0 = Debug|Any CPU
		{68D3AC29-126D-4793-A6BD-AA70ABF613F0}.Release|Any CPU.ActiveCfg = Release|Any CPU
		{68D3AC29-126D-4793-A6BD-AA70ABF613F0}.Release|Any CPU.Build.0 = Release|Any CPU
	EndGlobalSection
	GlobalSection(SolutionProperties) = preSolution
		HideSolutionNode = FALSE
	EndGlobalSection
	GlobalSection(ExtensibilityGlobals) = postSolution
		SolutionGuid = {30654C02-C1A9-4474-89A2-D2A7C4858B9C}
	EndGlobalSection
EndGlobal
