
Microsoft Visual Studio Solution File, Format Version 12.00
# Visual Studio Version 17
VisualStudioVersion = 17.14.36518.9 d17.14
MinimumVisualStudioVersion = 10.0.40219.1
Project("{FAE04EC0-301F-11D3-BF4B-00C04F79EFBC}") = "DineroExtra", "DineroExtra.csproj", "{B785C8D1-03D0-4A7A-9499-CBBCF6EE1EBA}"
EndProject
Global
	GlobalSection(SolutionConfigurationPlatforms) = preSolution
		Debug|Any CPU = Debug|Any CPU
		Release|Any CPU = Release|Any CPU
	EndGlobalSection
	GlobalSection(ProjectConfigurationPlatforms) = postSolution
		{B785C8D1-03D0-4A7A-9499-CBBCF6EE1EBA}.Debug|Any CPU.ActiveCfg = Debug|Any CPU
		{B785C8D1-03D0-4A7A-9499-CBBCF6EE1EBA}.Debug|Any CPU.Build.0 = Debug|Any CPU
		{B785C8D1-03D0-4A7A-9499-CBBCF6EE1EBA}.Release|Any CPU.ActiveCfg = Release|Any CPU
		{B785C8D1-03D0-4A7A-9499-CBBCF6EE1EBA}.Release|Any CPU.Build.0 = Release|Any CPU
	EndGlobalSection
	GlobalSection(SolutionProperties) = preSolution
		HideSolutionNode = FALSE
	EndGlobalSection
	GlobalSection(ExtensibilityGlobals) = postSolution
		SolutionGuid = {66AD6948-D904-44DC-99C6-F8CEFE4DE09C}
	EndGlobalSection
EndGlobal
